// !$*UTF8*$!
{
	archiveVersion = 1;
	classes = {
	};
	objectVersion = 46;
	objects = {

/* Begin PBXBuildFile section */
		F9C147231D202E9A0054F2D1 /* AppDelegate.swift in Sources */ = {isa = PBXBuildFile; fileRef = F9C147221D202E9A0054F2D1 /* AppDelegate.swift */; };
		F9C147251D202E9A0054F2D1 /* ViewController.swift in Sources */ = {isa = PBXBuildFile; fileRef = F9C147241D202E9A0054F2D1 /* ViewController.swift */; };
		F9C147281D202E9A0054F2D1 /* Main.storyboard in Resources */ = {isa = PBXBuildFile; fileRef = F9C147261D202E9A0054F2D1 /* Main.storyboard */; };
		F9C1472A1D202E9A0054F2D1 /* Assets.xcassets in Resources */ = {isa = PBXBuildFile; fileRef = F9C147291D202E9A0054F2D1 /* Assets.xcassets */; };
		F9C1472D1D202E9A0054F2D1 /* LaunchScreen.storyboard in Resources */ = {isa = PBXBuildFile; fileRef = F9C1472B1D202E9A0054F2D1 /* LaunchScreen.storyboard */; };
		F9C147351D21F8860054F2D1 /* DragImg.swift in Sources */ = {isa = PBXBuildFile; fileRef = F9C147341D21F8860054F2D1 /* DragImg.swift */; };
		F9C147371D21FE230054F2D1 /* MonsterImg.swift in Sources */ = {isa = PBXBuildFile; fileRef = F9C147361D21FE230054F2D1 /* MonsterImg.swift */; };
/* End PBXBuildFile section */

/* Begin PBXFileReference section */
		F9C1471F1D202E9A0054F2D1 /* my-little-monster.app */ = {isa = PBXFileReference; explicitFileType = wrapper.application; includeInIndex = 0; path = "my-little-monster.app"; sourceTree = BUILT_PRODUCTS_DIR; };
		F9C147221D202E9A0054F2D1 /* AppDelegate.swift */ = {isa = PBXFileReference; lastKnownFileType = sourcecode.swift; path = AppDelegate.swift; sourceTree = "<group>"; };
		F9C147241D202E9A0054F2D1 /* ViewController.swift */ = {isa = PBXFileReference; lastKnownFileType = sourcecode.swift; path = ViewController.swift; sourceTree = "<group>"; };
		F9C147271D202E9A0054F2D1 /* Base */ = {isa = PBXFileReference; lastKnownFileType = file.storyboard; name = Base; path = Base.lproj/Main.storyboard; sourceTree = "<group>"; };
		F9C147291D202E9A0054F2D1 /* Assets.xcassets */ = {isa = PBXFileReference; lastKnownFileType = folder.assetcatalog; path = Assets.xcassets; sourceTree = "<group>"; };
		F9C1472C1D202E9A0054F2D1 /* Base */ = {isa = PBXFileReference; lastKnownFileType = file.storyboard; name = Base; path = Base.lproj/LaunchScreen.storyboard; sourceTree = "<group>"; };
		F9C1472E1D202E9A0054F2D1 /* Info.plist */ = {isa = PBXFileReference; lastKnownFileType = text.plist.xml; path = Info.plist; sourceTree = "<group>"; };
		F9C147341D21F8860054F2D1 /* DragImg.swift */ = {isa = PBXFileReference; fileEncoding = 4; lastKnownFileType = sourcecode.swift; path = DragImg.swift; sourceTree = "<group>"; };
		F9C147361D21FE230054F2D1 /* MonsterImg.swift */ = {isa = PBXFileReference; fileEncoding = 4; lastKnownFileType = sourcecode.swift; path = MonsterImg.swift; sourceTree = "<group>"; };
/* End PBXFileReference section */

/* Begin PBXFrameworksBuildPhase section */
		F9C1471C1D202E9A0054F2D1 /* Frameworks */ = {
			isa = PBXFrameworksBuildPhase;
			buildActionMask = 2147483647;
			files = (
			);
			runOnlyForDeploymentPostprocessing = 0;
		};
/* End PBXFrameworksBuildPhase section */

/* Begin PBXGroup section */
		F9C147161D202E9A0054F2D1 = {
			isa = PBXGroup;
			children = (
				F9C147211D202E9A0054F2D1 /* my-little-monster */,
				F9C147201D202E9A0054F2D1 /* Products */,
			);
			sourceTree = "<group>";
		};
		F9C147201D202E9A0054F2D1 /* Products */ = {
			isa = PBXGroup;
			children = (
				F9C1471F1D202E9A0054F2D1 /* my-little-monster.app */,
			);
			name = Products;
			sourceTree = "<group>";
		};
		F9C147211D202E9A0054F2D1 /* my-little-monster */ = {
			isa = PBXGroup;
			children = (
				F9C147221D202E9A0054F2D1 /* AppDelegate.swift */,
				F9C147241D202E9A0054F2D1 /* ViewController.swift */,
				F9C147261D202E9A0054F2D1 /* Main.storyboard */,
				F9C147291D202E9A0054F2D1 /* Assets.xcassets */,
				F9C1472B1D202E9A0054F2D1 /* LaunchScreen.storyboard */,
				F9C1472E1D202E9A0054F2D1 /* Info.plist */,
				F9C147341D21F8860054F2D1 /* DragImg.swift */,
				F9C147361D21FE230054F2D1 /* MonsterImg.swift */,
			);
			path = "my-little-monster";
			sourceTree = "<group>";
		};
/* End PBXGroup section */

/* Begin PBXNativeTarget section */
		F9C1471E1D202E9A0054F2D1 /* my-little-monster */ = {
			isa = PBXNativeTarget;
			buildConfigurationList = F9C147311D202E9A0054F2D1 /* Build configuration list for PBXNativeTarget "my-little-monster" */;
			buildPhases = (
				F9C1471B1D202E9A0054F2D1 /* Sources */,
				F9C1471C1D202E9A0054F2D1 /* Frameworks */,
				F9C1471D1D202E9A0054F2D1 /* Resources */,
			);
			buildRules = (
			);
			dependencies = (
			);
			name = "my-little-monster";
			productName = "my-little-monster";
			productReference = F9C1471F1D202E9A0054F2D1 /* my-little-monster.app */;
			productType = "com.apple.product-type.application";
		};
/* End PBXNativeTarget section */

/* Begin PBXProject section */
		F9C147171D202E9A0054F2D1 /* Project object */ = {
			isa = PBXProject;
			attributes = {
				LastSwiftUpdateCheck = 0730;
				LastUpgradeCheck = 0730;
				ORGANIZATIONNAME = "Adam Goth";
				TargetAttributes = {
					F9C1471E1D202E9A0054F2D1 = {
						CreatedOnToolsVersion = 7.3.1;
					};
				};
			};
			buildConfigurationList = F9C1471A1D202E9A0054F2D1 /* Build configuration list for PBXProject "my-little-monster" */;
			compatibilityVersion = "Xcode 3.2";
			developmentRegion = English;
			hasScannedForEncodings = 0;
			knownRegions = (
				en,
				Base,
			);
			mainGroup = F9C147161D202E9A0054F2D1;
			productRefGroup = F9C147201D202E9A0054F2D1 /* Products */;
			projectDirPath = "";
			projectRoot = "";
			targets = (
				F9C1471E1D202E9A0054F2D1 /* my-little-monster */,
			);
		};
/* End PBXProject section */

/* Begin PBXResourcesBuildPhase section */
		F9C1471D1D202E9A0054F2D1 /* Resources */ = {
			isa = PBXResourcesBuildPhase;
			buildActionMask = 2147483647;
			files = (
				F9C1472D1D202E9A0054F2D1 /* LaunchScreen.storyboard in Resources */,
				F9C1472A1D202E9A0054F2D1 /* Assets.xcassets in Resources */,
				F9C147281D202E9A0054F2D1 /* Main.storyboard in Resources */,
			);
			runOnlyForDeploymentPostprocessing = 0;
		};
/* End PBXResourcesBuildPhase section */

/* Begin PBXSourcesBuildPhase section */
		F9C1471B1D202E9A0054F2D1 /* Sources */ = {
			isa = PBXSourcesBuildPhase;
			buildActionMask = 2147483647;
			files = (
				F9C147371D21FE230054F2D1 /* MonsterImg.swift in Sources */,
				F9C147351D21F8860054F2D1 /* DragImg.swift in Sources */,
				F9C147251D202E9A0054F2D1 /* ViewController.swift in Sources */,
				F9C147231D202E9A0054F2D1 /* AppDelegate.swift in Sources */,
			);
			runOnlyForDeploymentPostprocessing = 0;
		};
/* End PBXSourcesBuildPhase section */

/* Begin PBXVariantGroup section */
		F9C147261D202E9A0054F2D1 /* Main.storyboard */ = {
			isa = PBXVariantGroup;
			children = (
				F9C147271D202E9A0054F2D1 /* Base */,
			);
			name = Main.storyboard;
			sourceTree = "<group>";
		};
		F9C1472B1D202E9A0054F2D1 /* LaunchScreen.storyboard */ = {
			isa = PBXVariantGroup;
			children = (
				F9C1472C1D202E9A0054F2D1 /* Base */,
			);
			name = LaunchScreen.storyboard;
			sourceTree = "<group>";
		};
/* End PBXVariantGroup section */

/* Begin XCBuildConfiguration section */
		F9C1472F1D202E9A0054F2D1 /* Debug */ = {
			isa = XCBuildConfiguration;
			buildSettings = {
				ALWAYS_SEARCH_USER_PATHS = NO;
				CLANG_ANALYZER_NONNULL = YES;
				CLANG_CXX_LANGUAGE_STANDARD = "gnu++0x";
				CLANG_CXX_LIBRARY = "libc++";
				CLANG_ENABLE_MODULES = YES;
				CLANG_ENABLE_OBJC_ARC = YES;
				CLANG_WARN_BOOL_CONVERSION = YES;
				CLANG_WARN_CONSTANT_CONVERSION = YES;
				CLANG_WARN_DIRECT_OBJC_ISA_USAGE = YES_ERROR;
				CLANG_WARN_EMPTY_BODY = YES;
				CLANG_WARN_ENUM_CONVERSION = YES;
				CLANG_WARN_INT_CONVERSION = YES;
				CLANG_WARN_OBJC_ROOT_CLASS = YES_ERROR;
				CLANG_WARN_UNREACHABLE_CODE = YES;
				CLANG_WARN__DUPLICATE_METHOD_MATCH = YES;
				"CODE_SIGN_IDENTITY[sdk=iphoneos*]" = "iPhone Developer";
				COPY_PHASE_STRIP = NO;
				DEBUG_INFORMATION_FORMAT = dwarf;
				ENABLE_STRICT_OBJC_MSGSEND = YES;
				ENABLE_TESTABILITY = YES;
				GCC_C_LANGUAGE_STANDARD = gnu99;
				GCC_DYNAMIC_NO_PIC = NO;
				GCC_NO_COMMON_BLOCKS = YES;
				GCC_OPTIMIZATION_LEVEL = 0;
				GCC_PREPROCESSOR_DEFINITIONS = (
					"DEBUG=1",
					"$(inherited)",
				);
				GCC_WARN_64_TO_32_BIT_CONVERSION = YES;
				GCC_WARN_ABOUT_RETURN_TYPE = YES_ERROR;
				GCC_WARN_UNDECLARED_SELECTOR = YES;
				GCC_WARN_UNINITIALIZED_AUTOS = YES_AGGRESSIVE;
				GCC_WARN_UNUSED_FUNCTION = YES;
				GCC_WARN_UNUSED_VARIABLE = YES;
				IPHONEOS_DEPLOYMENT_TARGET = 9.3;
				MTL_ENABLE_DEBUG_INFO = YES;
				ONLY_ACTIVE_ARCH = YES;
				SDKROOT = iphoneos;
				SWIFT_OPTIMIZATION_LEVEL = "-Onone";
				TARGETED_DEVICE_FAMILY = "1,2";
			};
			name = Debug;
		};
		F9C147301D202E9A0054F2D1 /* Release */ = {
			isa = XCBuildConfiguration;
			buildSettings = {
				ALWAYS_SEARCH_USER_PATHS = NO;
				CLANG_ANALYZER_NONNULL = YES;
				CLANG_CXX_LANGUAGE_STANDARD = "gnu++0x";
				CLANG_CXX_LIBRARY = "libc++";
				CLANG_ENABLE_MODULES = YES;
				CLANG_ENABLE_OBJC_ARC = YES;
				CLANG_WARN_BOOL_CONVERSION = YES;
				CLANG_WARN_CONSTANT_CONVERSION = YES;
				CLANG_WARN_DIRECT_OBJC_ISA_USAGE = YES_ERROR;
				CLANG_WARN_EMPTY_BODY = YES;
				CLANG_WARN_ENUM_CONVERSION = YES;
				CLANG_WARN_INT_CONVERSION = YES;
				CLANG_WARN_OBJC_ROOT_CLASS = YES_ERROR;
				CLANG_WARN_UNREACHABLE_CODE = YES;
				CLANG_WARN__DUPLICATE_METHOD_MATCH = YES;
				"CODE_SIGN_IDENTITY[sdk=iphoneos*]" = "iPhone Developer";
				COPY_PHASE_STRIP = NO;
				DEBUG_INFORMATION_FORMAT = "dwarf-with-dsym";
				ENABLE_NS_ASSERTIONS = NO;
				ENABLE_STRICT_OBJC_MSGSEND = YES;
				GCC_C_LANGUAGE_STANDARD = gnu99;
				GCC_NO_COMMON_BLOCKS = YES;
				GCC_WARN_64_TO_32_BIT_CONVERSION = YES;
				GCC_WARN_ABOUT_RETURN_TYPE = YES_ERROR;
				GCC_WARN_UNDECLARED_SELECTOR = YES;
				GCC_WARN_UNINITIALIZED_AUTOS = YES_AGGRESSIVE;
				GCC_WARN_UNUSED_FUNCTION = YES;
				GCC_WARN_UNUSED_VARIABLE = YES;
				IPHONEOS_DEPLOYMENT_TARGET = 9.3;
				MTL_ENABLE_DEBUG_INFO = NO;
				SDKROOT = iphoneos;
				TARGETED_DEVICE_FAMILY = "1,2";
				VALIDATE_PRODUCT = YES;
			};
			name = Release;
		};
		F9C147321D202E9A0054F2D1 /* Debug */ = {
			isa = XCBuildConfiguration;
			buildSettings = {
				ASSETCATALOG_COMPILER_APPICON_NAME = AppIcon;
				INFOPLIST_FILE = "my-little-monster/Info.plist";
				LD_RUNPATH_SEARCH_PATHS = "$(inherited) @executable_path/Frameworks";
				PRODUCT_BUNDLE_IDENTIFIER = "com.adamgoth.my-little-monster";
				PRODUCT_NAME = "$(TARGET_NAME)";
			};
			name = Debug;
		};
		F9C147331D202E9A0054F2D1 /* Release */ = {
			isa = XCBuildConfiguration;
			buildSettings = {
				ASSETCATALOG_COMPILER_APPICON_NAME = AppIcon;
				INFOPLIST_FILE = "my-little-monster/Info.plist";
				LD_RUNPATH_SEARCH_PATHS = "$(inherited) @executable_path/Frameworks";
				PRODUCT_BUNDLE_IDENTIFIER = "com.adamgoth.my-little-monster";
				PRODUCT_NAME = "$(TARGET_NAME)";
			};
			name = Release;
		};
/* End XCBuildConfiguration section */

/* Begin XCConfigurationList section */
		F9C1471A1D202E9A0054F2D1 /* Build configuration list for PBXProject "my-little-monster" */ = {
			isa = XCConfigurationList;
			buildConfigurations = (
				F9C1472F1D202E9A0054F2D1 /* Debug */,
				F9C147301D202E9A0054F2D1 /* Release */,
			);
			defaultConfigurationIsVisible = 0;
			defaultConfigurationName = Release;
		};
		F9C147311D202E9A0054F2D1 /* Build configuration list for PBXNativeTarget "my-little-monster" */ = {
			isa = XCConfigurationList;
			buildConfigurations = (
				F9C147321D202E9A0054F2D1 /* Debug */,
				F9C147331D202E9A0054F2D1 /* Release */,
			);
			defaultConfigurationIsVisible = 0;
		};
/* End XCConfigurationList section */
	};
	rootObject = F9C147171D202E9A0054F2D1 /* Project object */;
}
